
Microsoft Visual Studio Solution File, Format Version 12.00
# Visual Studio Version 16
VisualStudioVersion = 16.0.31112.23
MinimumVisualStudioVersion = 10.0.40219.1
Project("{FAE04EC0-301F-11D3-BF4B-00C04F79EFBC}") = "Oblig2", "Oblig2.csproj", "{0D1E2011-1B5B-45D5-A222-A9528F36B697}"
EndProject
Global
	GlobalSection(SolutionConfigurationPlatforms) = preSolution
		Debug|Any CPU = Debug|Any CPU
		Release|Any CPU = Release|Any CPU
	EndGlobalSection
	GlobalSection(ProjectConfigurationPlatforms) = postSolution
		{0D1E2011-1B5B-45D5-A222-A9528F36B697}.Debug|Any CPU.ActiveCfg = Debug|Any CPU
		{0D1E2011-1B5B-45D5-A222-A9528F36B697}.Debug|Any CPU.Build.0 = Debug|Any CPU
		{0D1E2011-1B5B-45D5-A222-A9528F36B697}.Release|Any CPU.ActiveCfg = Release|Any CPU
		{0D1E2011-1B5B-45D5-A222-A9528F36B697}.Release|Any CPU.Build.0 = Release|Any CPU
	EndGlobalSection
	GlobalSection(SolutionProperties) = preSolution
		HideSolutionNode = FALSE
	EndGlobalSection
	GlobalSection(ExtensibilityGlobals) = postSolution
		SolutionGuid = {AFE0B9F5-B517-493B-A9E7-16CF3FE2257A}
	EndGlobalSection
EndGlobal
